{
  "name": "mycelium-tier1-matrix-spike",
  "version": "0.0.0",
  "lockfileVersion": 3,
  "requires": true,
  "packages": {
    "": {
      "name": "mycelium-tier1-matrix-spike",
      "version": "0.0.0",
      "dependencies": {
        "@matrix-org/matrix-sdk-crypto-wasm": "^18.3.1"
      }
    },
    "node_modules/@matrix-org/matrix-sdk-crypto-wasm": {
      "version": "18.3.1",
      "resolved": "https://registry.npmjs.org/@matrix-org/matrix-sdk-crypto-wasm/-/matrix-sdk-crypto-wasm-18.3.1.tgz",
      "integrity": "sha512-VRjWhE1UgHnPpJ3b9B5+8z71ZC/HICFngPPFIN6ktzmUBKI5RusPujzbAQUoB3CgZ0yU58L99AfSQS4YTztSWw==",
      "license": "Apache-2.0",
      "engines": {
        "node": ">= 18"
      }
    }
  }
}
